{
  "lockfile_version": "1",
  "packages": {
    "github:NixOS/nixpkgs/nixpkgs-unstable": {
      "last_modified": "2026-09-02T18:03:51Z",
      "resolved": "github:NixOS/nixpkgs/9387b3fcc0c23c86661636da63faabad4235a0a6?lastModified=1788372231&narHash=sha256-7aqErvrAEz%2F5OcPA5p3M%2BtVOqeYc4oJXkNIPXfCqxAw%3D"
    },
    "python@3.13": {
      "last_modified": "2026-08-27T07:16:00Z",
      "plugin_version": "0.0.5",
      "resolved": "github:NixOS/nixpkgs/c27cdad491a991b11ed731760aa2ef8db0cb0410#python313",
      "source": "devbox-search",
      "version": "3.13.15",
      "systems": {
        "aarch64-darwin": {
          "outputs": [
            {
              "name": "out",
              "path": "/nix/store/qx05lk9krr4d9j6d2nhf8dsnr838qs23-python3-3.13.15",
              "default": true
            }
          ],
          "store_path": "/nix/store/qx05lk9krr4d9j6d2nhf8dsnr838qs23-python3-3.13.15"
        },
        "aarch64-linux": {
          "outputs": [
            {
              "name": "out",
              "path": "/nix/store/l193wby4gv8nzh2q46slmsy44w5qybli-python3-3.13.15",
              "default": true
            },
            {
              "name": "debug",
              "path": "/nix/store/xa53j62vp79p4gfdbibvs9dsh148ahg6-python3-3.13.15-debug"
            }
          ],
          "store_path": "/nix/store/l193wby4gv8nzh2q46slmsy44w5qybli-python3-3.13.15"
        },
        "x86_64-linux": {
          "outputs": [
            {
              "name": "out",
              "path": "/nix/store/7jydrdpxlsqjdlrxxxy15i5vw4bad4rs-python3-3.13.15",
              "default": true
            },
            {
              "name": "debug",
              "path": "/nix/store/a48h8n37a7djrjgkzgqq0dprwg96n2z8-python3-3.13.15-debug"
            }
          ],
          "store_path": "/nix/store/7jydrdpxlsqjdlrxxxy15i5vw4bad4rs-python3-3.13.15"
        }
      }
    }
  }
}
